
Microsoft Visual Studio Solution File, Format Version 12.00
# Visual Studio Version 17
VisualStudioVersion = 17.4.33122.133
MinimumVisualStudioVersion = 10.0.40219.1
Project("{9A19103F-16F7-4668-BE54-9A1E7A4F7556}") = "N1Assessment", "N1Assessment\N1Assessment.csproj", "{0EED489B-A6EE-41F5-ABF5-CFD25EC5EAFD}"
EndProject
Project("{9A19103F-16F7-4668-BE54-9A1E7A4F7556}") = "N2Assessment", "N2Assessment\N2Assessment.csproj", "{BC97C381-CAD9-45F8-8BB7-CE925530509F}"
EndProject
Project("{FAE04EC0-301F-11D3-BF4B-00C04F79EFBC}") = "N3Assessement", "N3Assessement\N3Assessement.csproj", "{817A7FA3-0BFE-4A49-82E6-13D317B835CA}"
EndProject
Global
	GlobalSection(SolutionConfigurationPlatforms) = preSolution
		Debug|Any CPU = Debug|Any CPU
		Release|Any CPU = Release|Any CPU
	EndGlobalSection
	GlobalSection(ProjectConfigurationPlatforms) = postSolution
		{0EED489B-A6EE-41F5-ABF5-CFD25EC5EAFD}.Debug|Any CPU.ActiveCfg = Debug|Any CPU
		{0EED489B-A6EE-41F5-ABF5-CFD25EC5EAFD}.Debug|Any CPU.Build.0 = Debug|Any CPU
		{0EED489B-A6EE-41F5-ABF5-CFD25EC5EAFD}.Release|Any CPU.ActiveCfg = Release|Any CPU
		{0EED489B-A6EE-41F5-ABF5-CFD25EC5EAFD}.Release|Any CPU.Build.0 = Release|Any CPU
		{BC97C381-CAD9-45F8-8BB7-CE925530509F}.Debug|Any CPU.ActiveCfg = Debug|Any CPU
		{BC97C381-CAD9-45F8-8BB7-CE925530509F}.Debug|Any CPU.Build.0 = Debug|Any CPU
		{BC97C381-CAD9-45F8-8BB7-CE925530509F}.Release|Any CPU.ActiveCfg = Release|Any CPU
		{BC97C381-CAD9-45F8-8BB7-CE925530509F}.Release|Any CPU.Build.0 = Release|Any CPU
		{817A7FA3-0BFE-4A49-82E6-13D317B835CA}.Debug|Any CPU.ActiveCfg = Debug|Any CPU
		{817A7FA3-0BFE-4A49-82E6-13D317B835CA}.Debug|Any CPU.Build.0 = Debug|Any CPU
		{817A7FA3-0BFE-4A49-82E6-13D317B835CA}.Release|Any CPU.ActiveCfg = Release|Any CPU
		{817A7FA3-0BFE-4A49-82E6-13D317B835CA}.Release|Any CPU.Build.0 = Release|Any CPU
	EndGlobalSection
	GlobalSection(SolutionProperties) = preSolution
		HideSolutionNode = FALSE
	EndGlobalSection
	GlobalSection(ExtensibilityGlobals) = postSolution
		SolutionGuid = {5F13338D-4154-4393-90E8-1BFC9F7F2CE4}
	EndGlobalSection
EndGlobal
